PODS:
  - Alamofire (4.9.1)
  - SwiftGen (6.1.0)

DEPENDENCIES:
  - Alamofire
  - SwiftGen

SPEC REPOS:
  https://github.com/CocoaPods/Specs.git:
    - Alamofire
    - SwiftGen

SPEC CHECKSUMS:
  Alamofire: 85e8a02c69d6020a0d734f6054870d7ecb75cf18
  SwiftGen: f872ca75cbd17bf7103c17f13dcfa0d9a15667b0

PODFILE CHECKSUM: 34338ad607d94ee71ec4a70cf87290b3ad8a8a37

COCOAPODS: 1.9.1
