PODS:
  - Alamofire (5.6.2)
  - SwiftGen (6.5.1)

DEPENDENCIES:
  - Alamofire
  - SwiftGen

SPEC REPOS:
  trunk:
    - Alamofire
    - SwiftGen

SPEC CHECKSUMS:
  Alamofire: d368e1ff8a298e6dde360e35a3e68e6c610e7204
  SwiftGen: a6d22010845f08fe18fbdf3a07a8e380fd22e0ea

PODFILE CHECKSUM: 93cbda4d6065f3fb60f840c01e070c897dac366a

COCOAPODS: 1.11.3
